PODS:
  - Masonry (1.1.0)
  - MovieousBase (1.1.11)
  - MovieousShortVideo (2.2.27):
    - MovieousBase (~> 1.1.11)

DEPENDENCIES:
  - Masonry
  - MovieousShortVideo (from `../`)

SPEC REPOS:
  trunk:
    - Masonry
    - MovieousBase

EXTERNAL SOURCES:
  MovieousShortVideo:
    :path: "../"

SPEC CHECKSUMS:
  Masonry: 678fab65091a9290e40e2832a55e7ab731aad201
  MovieousBase: f01024103619647e2d5aac50205e4dba81b6636b
  MovieousShortVideo: 95229a3f0198f0d8b9e805c2383263f25d02388f

PODFILE CHECKSUM: 6ae5cc534eb98289bb7d640ea04835e189e4a80f

COCOAPODS: 1.8.4
