PODS:
  - Masonry (1.1.0)
  - MovieousBase (2.0.1)
  - MovieousCaptureBase (2.0.2):
    - MovieousBase (= 2.0.1)
  - MovieousShortVideo (3.0.2):
    - MovieousCaptureBase (~> 2.0.2)

DEPENDENCIES:
  - Masonry
  - MovieousShortVideo (from `../`)

SPEC REPOS:
  trunk:
    - Masonry
    - MovieousBase
    - MovieousCaptureBase

EXTERNAL SOURCES:
  MovieousShortVideo:
    :path: "../"

SPEC CHECKSUMS:
  Masonry: 678fab65091a9290e40e2832a55e7ab731aad201
  MovieousBase: a72a4ddb407b597e2542616330777299df4f9829
  MovieousCaptureBase: 87b6b2309bef451c17d8661dafe6be1cbbb334c5
  MovieousShortVideo: ed1e4d45db8caf8e50c543ece1fa470fa8d09cf9

PODFILE CHECKSUM: 6ae5cc534eb98289bb7d640ea04835e189e4a80f

COCOAPODS: 1.8.4
