// !$*UTF8*$!
{
	archiveVersion = 1;
	classes = {
	};
	objectVersion = 51;
	objects = {

/* Begin PBXBuildFile section */
		8328A975239E39C900BA738F /* AppDelegate.m in Sources */ = {isa = PBXBuildFile; fileRef = 8328A974239E39C900BA738F /* AppDelegate.m */; };
		8328A980239E39C900BA738F /* Assets.xcassets in Resources */ = {isa = PBXBuildFile; fileRef = 8328A97F239E39C900BA738F /* Assets.xcassets */; };
		8328A983239E39C900BA738F /* LaunchScreen.storyboard in Resources */ = {isa = PBXBuildFile; fileRef = 8328A981239E39C900BA738F /* LaunchScreen.storyboard */; };
		8328A986239E39C900BA738F /* main.m in Sources */ = {isa = PBXBuildFile; fileRef = 8328A985239E39C900BA738F /* main.m */; };
		8328A990239E39C900BA738F /* MovieousShortVideoDemoTests.m in Sources */ = {isa = PBXBuildFile; fileRef = 8328A98F239E39C900BA738F /* MovieousShortVideoDemoTests.m */; };
		8328A99B239E39CA00BA738F /* MovieousShortVideoDemoUITests.m in Sources */ = {isa = PBXBuildFile; fileRef = 8328A99A239E39CA00BA738F /* MovieousShortVideoDemoUITests.m */; };
		83345C992463ACA400C8C0D7 /* MHFilter.m in Sources */ = {isa = PBXBuildFile; fileRef = 83345C542463ACA300C8C0D7 /* MHFilter.m */; };
		83345C9A2463ACA400C8C0D7 /* MHBeautySDK.framework in Frameworks */ = {isa = PBXBuildFile; fileRef = 83345C572463ACA300C8C0D7 /* MHBeautySDK.framework */; };
		83345C9B2463ACA400C8C0D7 /* server.cer in Resources */ = {isa = PBXBuildFile; fileRef = 83345C582463ACA300C8C0D7 /* server.cer */; };
		83345C9C2463ACA400C8C0D7 /* print_cancel@2x.png in Resources */ = {isa = PBXBuildFile; fileRef = 83345C5A2463ACA300C8C0D7 /* print_cancel@2x.png */; };
		83345C9D2463ACA400C8C0D7 /* top_right@2x.png in Resources */ = {isa = PBXBuildFile; fileRef = 83345C5B2463ACA300C8C0D7 /* top_right@2x.png */; };
		83345C9E2463ACA400C8C0D7 /* top_right_selected.png in Resources */ = {isa = PBXBuildFile; fileRef = 83345C5C2463ACA300C8C0D7 /* top_right_selected.png */; };
		83345C9F2463ACA400C8C0D7 /* bottom_right@2x.png in Resources */ = {isa = PBXBuildFile; fileRef = 83345C5D2463ACA300C8C0D7 /* bottom_right@2x.png */; };
		83345CA02463ACA400C8C0D7 /* top_left@2x.png in Resources */ = {isa = PBXBuildFile; fileRef = 83345C5E2463ACA300C8C0D7 /* top_left@2x.png */; };
		83345CA12463ACA400C8C0D7 /* bottom_left_selected.png in Resources */ = {isa = PBXBuildFile; fileRef = 83345C5F2463ACA300C8C0D7 /* bottom_left_selected.png */; };
		83345CA22463ACA400C8C0D7 /* WatermarkImages.plist in Resources */ = {isa = PBXBuildFile; fileRef = 83345C602463ACA300C8C0D7 /* WatermarkImages.plist */; };
		83345CA32463ACA400C8C0D7 /* bottom_right_selected.png in Resources */ = {isa = PBXBuildFile; fileRef = 83345C612463ACA300C8C0D7 /* bottom_right_selected.png */; };
		83345CA42463ACA400C8C0D7 /* top_left_selected.png in Resources */ = {isa = PBXBuildFile; fileRef = 83345C622463ACA300C8C0D7 /* top_left_selected.png */; };
		83345CA52463ACA400C8C0D7 /* bottom_left@2x.png in Resources */ = {isa = PBXBuildFile; fileRef = 83345C632463ACA300C8C0D7 /* bottom_left@2x.png */; };
		83345CA62463ACA400C8C0D7 /* MHSDK.bundle in Resources */ = {isa = PBXBuildFile; fileRef = 83345C642463ACA300C8C0D7 /* MHSDK.bundle */; };
		83345CA72463ACA400C8C0D7 /* tracking.framework in Frameworks */ = {isa = PBXBuildFile; fileRef = 83345C652463ACA300C8C0D7 /* tracking.framework */; };
		83345CA82463ACA400C8C0D7 /* MHMeiyanMenusView.m in Sources */ = {isa = PBXBuildFile; fileRef = 83345C672463ACA300C8C0D7 /* MHMeiyanMenusView.m */; };
		83345CA92463ACA400C8C0D7 /* MHQuickBeautyParams.plist in Resources */ = {isa = PBXBuildFile; fileRef = 83345C692463ACA300C8C0D7 /* MHQuickBeautyParams.plist */; };
		83345CAA2463ACA400C8C0D7 /* MHFilterModel.m in Sources */ = {isa = PBXBuildFile; fileRef = 83345C6B2463ACA300C8C0D7 /* MHFilterModel.m */; };
		83345CAB2463ACA400C8C0D7 /* StickerManager.m in Sources */ = {isa = PBXBuildFile; fileRef = 83345C6D2463ACA300C8C0D7 /* StickerManager.m */; };
		83345CAC2463ACA400C8C0D7 /* MHBeautiesModel.m in Sources */ = {isa = PBXBuildFile; fileRef = 83345C6F2463ACA300C8C0D7 /* MHBeautiesModel.m */; };
		83345CAD2463ACA400C8C0D7 /* StickerDataListModel.m in Sources */ = {isa = PBXBuildFile; fileRef = 83345C702463ACA300C8C0D7 /* StickerDataListModel.m */; };
		83345CAE2463ACA400C8C0D7 /* MHPrintView.m in Sources */ = {isa = PBXBuildFile; fileRef = 83345C752463ACA300C8C0D7 /* MHPrintView.m */; };
		83345CAF2463ACA400C8C0D7 /* MHBeautyMenuCell.m in Sources */ = {isa = PBXBuildFile; fileRef = 83345C762463ACA300C8C0D7 /* MHBeautyMenuCell.m */; };
		83345CB02463ACA400C8C0D7 /* MHBeautyView.m in Sources */ = {isa = PBXBuildFile; fileRef = 83345C792463ACA300C8C0D7 /* MHBeautyView.m */; };
		83345CB12463ACA400C8C0D7 /* UIView+Additions.m in Sources */ = {isa = PBXBuildFile; fileRef = 83345C7C2463ACA300C8C0D7 /* UIView+Additions.m */; };
		83345CB22463ACA400C8C0D7 /* MHSpecificEffectView.m in Sources */ = {isa = PBXBuildFile; fileRef = 83345C7D2463ACA300C8C0D7 /* MHSpecificEffectView.m */; };
		83345CB32463ACA400C8C0D7 /* MHMagnifiedView.m in Sources */ = {isa = PBXBuildFile; fileRef = 83345C7E2463ACA300C8C0D7 /* MHMagnifiedView.m */; };
		83345CB42463ACA400C8C0D7 /* MHSectionStickersView.m in Sources */ = {isa = PBXBuildFile; fileRef = 83345C7F2463ACA300C8C0D7 /* MHSectionStickersView.m */; };
		83345CB52463ACA400C8C0D7 /* MHStickerCell.m in Sources */ = {isa = PBXBuildFile; fileRef = 83345C802463ACA300C8C0D7 /* MHStickerCell.m */; };
		83345CB62463ACA400C8C0D7 /* MHBeautyAssembleView.m in Sources */ = {isa = PBXBuildFile; fileRef = 83345C822463ACA300C8C0D7 /* MHBeautyAssembleView.m */; };
		83345CB72463ACA400C8C0D7 /* MHMagnifiedEffectCell.m in Sources */ = {isa = PBXBuildFile; fileRef = 83345C892463ACA300C8C0D7 /* MHMagnifiedEffectCell.m */; };
		83345CB82463ACA400C8C0D7 /* MHBeautySlider.m in Sources */ = {isa = PBXBuildFile; fileRef = 83345C8B2463ACA300C8C0D7 /* MHBeautySlider.m */; };
		83345CB92463ACA400C8C0D7 /* MHCompleteBeautyView.m in Sources */ = {isa = PBXBuildFile; fileRef = 83345C8C2463ACA300C8C0D7 /* MHCompleteBeautyView.m */; };
		83345CBA2463ACA400C8C0D7 /* MHFiltersView.m in Sources */ = {isa = PBXBuildFile; fileRef = 83345C912463ACA300C8C0D7 /* MHFiltersView.m */; };
		83345CBB2463ACA400C8C0D7 /* MHStickersView.m in Sources */ = {isa = PBXBuildFile; fileRef = 83345C922463ACA300C8C0D7 /* MHStickersView.m */; };
		83345CBC2463ACA400C8C0D7 /* MHSpecificAssembleView.m in Sources */ = {isa = PBXBuildFile; fileRef = 83345C932463ACA300C8C0D7 /* MHSpecificAssembleView.m */; };
		83345CBD2463ACA400C8C0D7 /* MHBeautyFaceView.m in Sources */ = {isa = PBXBuildFile; fileRef = 83345C942463ACA300C8C0D7 /* MHBeautyFaceView.m */; };
		83345CBE2463ACA400C8C0D7 /* WNSegmentItem.m in Sources */ = {isa = PBXBuildFile; fileRef = 83345C952463ACA300C8C0D7 /* WNSegmentItem.m */; };
		83345CBF2463ACA400C8C0D7 /* WNSegmentControl.m in Sources */ = {isa = PBXBuildFile; fileRef = 83345C982463ACA300C8C0D7 /* WNSegmentControl.m */; };
		83345CF02463ACCB00C8C0D7 /* MSVDMusicsLibrary.m in Sources */ = {isa = PBXBuildFile; fileRef = 83345CC12463ACCB00C8C0D7 /* MSVDMusicsLibrary.m */; };
		83345CF12463ACCB00C8C0D7 /* MSVDUtils.m in Sources */ = {isa = PBXBuildFile; fileRef = 83345CC32463ACCB00C8C0D7 /* MSVDUtils.m */; };
		83345CF22463ACCB00C8C0D7 /* MSVDStickersLibrary.m in Sources */ = {isa = PBXBuildFile; fileRef = 83345CC42463ACCB00C8C0D7 /* MSVDStickersLibrary.m */; };
		83345CF32463ACCB00C8C0D7 /* MSVDFiltersLibrary.m in Sources */ = {isa = PBXBuildFile; fileRef = 83345CC62463ACCB00C8C0D7 /* MSVDFiltersLibrary.m */; };
		83345CF42463ACCB00C8C0D7 /* MSVDTypeDefines.m in Sources */ = {isa = PBXBuildFile; fileRef = 83345CCB2463ACCB00C8C0D7 /* MSVDTypeDefines.m */; };
		83345CF52463ACCB00C8C0D7 /* UIColor+MSVD.m in Sources */ = {isa = PBXBuildFile; fileRef = 83345CCD2463ACCB00C8C0D7 /* UIColor+MSVD.m */; };
		83345CF62463ACCB00C8C0D7 /* MSVDGlobalConfiguration.m in Sources */ = {isa = PBXBuildFile; fileRef = 83345CCE2463ACCB00C8C0D7 /* MSVDGlobalConfiguration.m */; };
		83345CF72463ACCB00C8C0D7 /* UIImage+MSVD.m in Sources */ = {isa = PBXBuildFile; fileRef = 83345CD12463ACCB00C8C0D7 /* UIImage+MSVD.m */; };
		83345CF82463ACCB00C8C0D7 /* MSVDSlider.m in Sources */ = {isa = PBXBuildFile; fileRef = 83345CD52463ACCB00C8C0D7 /* MSVDSlider.m */; };
		83345CF92463ACCB00C8C0D7 /* MSVDMusicsViewController.m in Sources */ = {isa = PBXBuildFile; fileRef = 83345CD92463ACCB00C8C0D7 /* MSVDMusicsViewController.m */; };
		83345CFA2463ACCB00C8C0D7 /* MSVDMixDragView.m in Sources */ = {isa = PBXBuildFile; fileRef = 83345CDA2463ACCB00C8C0D7 /* MSVDMixDragView.m */; };
		83345CFB2463ACCB00C8C0D7 /* MSVDStickersView.m in Sources */ = {isa = PBXBuildFile; fileRef = 83345CDB2463ACCB00C8C0D7 /* MSVDStickersView.m */; };
		83345CFC2463ACCB00C8C0D7 /* MSVDFrameView.m in Sources */ = {isa = PBXBuildFile; fileRef = 83345CDD2463ACCB00C8C0D7 /* MSVDFrameView.m */; };
		83345CFD2463ACCB00C8C0D7 /* MSVDSnapshotBar.m in Sources */ = {isa = PBXBuildFile; fileRef = 83345CDE2463ACCB00C8C0D7 /* MSVDSnapshotBar.m */; };
		83345CFE2463ACCB00C8C0D7 /* MSVClip+MSVD.m in Sources */ = {isa = PBXBuildFile; fileRef = 83345CDF2463ACCB00C8C0D7 /* MSVClip+MSVD.m */; };
		83345CFF2463ACCB00C8C0D7 /* MSVDRecorderViewController.m in Sources */ = {isa = PBXBuildFile; fileRef = 83345CE22463ACCB00C8C0D7 /* MSVDRecorderViewController.m */; };
		83345D002463ACCB00C8C0D7 /* MSVDClipsAndEeffectsView.m in Sources */ = {isa = PBXBuildFile; fileRef = 83345CE62463ACCB00C8C0D7 /* MSVDClipsAndEeffectsView.m */; };
		83345D012463ACCB00C8C0D7 /* MSVDEditorViewController.m in Sources */ = {isa = PBXBuildFile; fileRef = 83345CE72463ACCB00C8C0D7 /* MSVDEditorViewController.m */; };
		83345D022463ACCB00C8C0D7 /* MSVDToolboxView.m in Sources */ = {isa = PBXBuildFile; fileRef = 83345CE82463ACCB00C8C0D7 /* MSVDToolboxView.m */; };
		83345D032463ACCB00C8C0D7 /* MSVDExportViewController.m in Sources */ = {isa = PBXBuildFile; fileRef = 83345CEB2463ACCB00C8C0D7 /* MSVDExportViewController.m */; };
		83345D042463ACCB00C8C0D7 /* MSVDHomeViewController.m in Sources */ = {isa = PBXBuildFile; fileRef = 83345CEF2463ACCB00C8C0D7 /* MSVDHomeViewController.m */; };
		834BD15E239E48C0004B0F89 /* Localizable.strings in Resources */ = {isa = PBXBuildFile; fileRef = 834BD15C239E48C0004B0F89 /* Localizable.strings */; };
		B2A1A4F18416453DC7FA1AB7 /* Pods_MovieousShortVideoDemo.framework in Frameworks */ = {isa = PBXBuildFile; fileRef = 9EAFFB9E54D1023134EC8152 /* Pods_MovieousShortVideoDemo.framework */; };
		B6CE82572406C3900065F5AB /* Filters.bundle in Resources */ = {isa = PBXBuildFile; fileRef = B6CE82502406C3900065F5AB /* Filters.bundle */; };
		B6CE82592406C39F0065F5AB /* filter_template.jpg in Resources */ = {isa = PBXBuildFile; fileRef = B6CE82582406C39F0065F5AB /* filter_template.jpg */; };
/* End PBXBuildFile section */

/* Begin PBXContainerItemProxy section */
		8328A98C239E39C900BA738F /* PBXContainerItemProxy */ = {
			isa = PBXContainerItemProxy;
			containerPortal = 8328A968239E39C900BA738F /* Project object */;
			proxyType = 1;
			remoteGlobalIDString = 8328A96F239E39C900BA738F;
			remoteInfo = MovieousShortVideoDemo;
		};
		8328A997239E39C900BA738F /* PBXContainerItemProxy */ = {
			isa = PBXContainerItemProxy;
			containerPortal = 8328A968239E39C900BA738F /* Project object */;
			proxyType = 1;
			remoteGlobalIDString = 8328A96F239E39C900BA738F;
			remoteInfo = MovieousShortVideoDemo;
		};
/* End PBXContainerItemProxy section */

/* Begin PBXFileReference section */
		02DAE9C23B6B016B02DB4971 /* Pods-MovieousShortVideoDemo.debug.xcconfig */ = {isa = PBXFileReference; includeInIndex = 1; lastKnownFileType = text.xcconfig; name = "Pods-MovieousShortVideoDemo.debug.xcconfig"; path = "Target Support Files/Pods-MovieousShortVideoDemo/Pods-MovieousShortVideoDemo.debug.xcconfig"; sourceTree = "<group>"; };
		7966FE0DEDFD34A51C0F218D /* Pods-MovieousShortVideoDemo.release.xcconfig */ = {isa = PBXFileReference; includeInIndex = 1; lastKnownFileType = text.xcconfig; name = "Pods-MovieousShortVideoDemo.release.xcconfig"; path = "Target Support Files/Pods-MovieousShortVideoDemo/Pods-MovieousShortVideoDemo.release.xcconfig"; sourceTree = "<group>"; };
		8328A970239E39C900BA738F /* MovieousShortVideoDemo.app */ = {isa = PBXFileReference; explicitFileType = wrapper.application; includeInIndex = 0; path = MovieousShortVideoDemo.app; sourceTree = BUILT_PRODUCTS_DIR; };
		8328A973239E39C900BA738F /* AppDelegate.h */ = {isa = PBXFileReference; lastKnownFileType = sourcecode.c.h; path = AppDelegate.h; sourceTree = "<group>"; };
		8328A974239E39C900BA738F /* AppDelegate.m */ = {isa = PBXFileReference; lastKnownFileType = sourcecode.c.objc; path = AppDelegate.m; sourceTree = "<group>"; };
		8328A97F239E39C900BA738F /* Assets.xcassets */ = {isa = PBXFileReference; lastKnownFileType = folder.assetcatalog; path = Assets.xcassets; sourceTree = "<group>"; };
		8328A982239E39C900BA738F /* Base */ = {isa = PBXFileReference; lastKnownFileType = file.storyboard; name = Base; path = Base.lproj/LaunchScreen.storyboard; sourceTree = "<group>"; };
		8328A984239E39C900BA738F /* Info.plist */ = {isa = PBXFileReference; lastKnownFileType = text.plist.xml; path = Info.plist; sourceTree = "<group>"; };
		8328A985239E39C900BA738F /* main.m */ = {isa = PBXFileReference; lastKnownFileType = sourcecode.c.objc; path = main.m; sourceTree = "<group>"; };
		8328A98B239E39C900BA738F /* MovieousShortVideoDemoTests.xctest */ = {isa = PBXFileReference; explicitFileType = wrapper.cfbundle; includeInIndex = 0; path = MovieousShortVideoDemoTests.xctest; sourceTree = BUILT_PRODUCTS_DIR; };
		8328A98F239E39C900BA738F /* MovieousShortVideoDemoTests.m */ = {isa = PBXFileReference; lastKnownFileType = sourcecode.c.objc; path = MovieousShortVideoDemoTests.m; sourceTree = "<group>"; };
		8328A991239E39C900BA738F /* Info.plist */ = {isa = PBXFileReference; lastKnownFileType = text.plist.xml; path = Info.plist; sourceTree = "<group>"; };
		8328A996239E39C900BA738F /* MovieousShortVideoDemoUITests.xctest */ = {isa = PBXFileReference; explicitFileType = wrapper.cfbundle; includeInIndex = 0; path = MovieousShortVideoDemoUITests.xctest; sourceTree = BUILT_PRODUCTS_DIR; };
		8328A99A239E39CA00BA738F /* MovieousShortVideoDemoUITests.m */ = {isa = PBXFileReference; lastKnownFileType = sourcecode.c.objc; path = MovieousShortVideoDemoUITests.m; sourceTree = "<group>"; };
		8328A99C239E39CA00BA738F /* Info.plist */ = {isa = PBXFileReference; lastKnownFileType = text.plist.xml; path = Info.plist; sourceTree = "<group>"; };
		83345C542463ACA300C8C0D7 /* MHFilter.m */ = {isa = PBXFileReference; fileEncoding = 4; lastKnownFileType = sourcecode.c.objc; path = MHFilter.m; sourceTree = "<group>"; };
		83345C552463ACA300C8C0D7 /* MHFilter.h */ = {isa = PBXFileReference; fileEncoding = 4; lastKnownFileType = sourcecode.c.h; path = MHFilter.h; sourceTree = "<group>"; };
		83345C572463ACA300C8C0D7 /* MHBeautySDK.framework */ = {isa = PBXFileReference; lastKnownFileType = wrapper.framework; path = MHBeautySDK.framework; sourceTree = "<group>"; };
		83345C582463ACA300C8C0D7 /* server.cer */ = {isa = PBXFileReference; lastKnownFileType = file; path = server.cer; sourceTree = "<group>"; };
		83345C5A2463ACA300C8C0D7 /* print_cancel@2x.png */ = {isa = PBXFileReference; lastKnownFileType = image.png; path = "print_cancel@2x.png"; sourceTree = "<group>"; };
		83345C5B2463ACA300C8C0D7 /* top_right@2x.png */ = {isa = PBXFileReference; lastKnownFileType = image.png; path = "top_right@2x.png"; sourceTree = "<group>"; };
		83345C5C2463ACA300C8C0D7 /* top_right_selected.png */ = {isa = PBXFileReference; lastKnownFileType = image.png; path = top_right_selected.png; sourceTree = "<group>"; };
		83345C5D2463ACA300C8C0D7 /* bottom_right@2x.png */ = {isa = PBXFileReference; lastKnownFileType = image.png; path = "bottom_right@2x.png"; sourceTree = "<group>"; };
		83345C5E2463ACA300C8C0D7 /* top_left@2x.png */ = {isa = PBXFileReference; lastKnownFileType = image.png; path = "top_left@2x.png"; sourceTree = "<group>"; };
		83345C5F2463ACA300C8C0D7 /* bottom_left_selected.png */ = {isa = PBXFileReference; lastKnownFileType = image.png; path = bottom_left_selected.png; sourceTree = "<group>"; };
		83345C602463ACA300C8C0D7 /* WatermarkImages.plist */ = {isa = PBXFileReference; fileEncoding = 4; lastKnownFileType = text.plist.xml; path = WatermarkImages.plist; sourceTree = "<group>"; };
		83345C612463ACA300C8C0D7 /* bottom_right_selected.png */ = {isa = PBXFileReference; lastKnownFileType = image.png; path = bottom_right_selected.png; sourceTree = "<group>"; };
		83345C622463ACA300C8C0D7 /* top_left_selected.png */ = {isa = PBXFileReference; lastKnownFileType = image.png; path = top_left_selected.png; sourceTree = "<group>"; };
		83345C632463ACA300C8C0D7 /* bottom_left@2x.png */ = {isa = PBXFileReference; lastKnownFileType = image.png; path = "bottom_left@2x.png"; sourceTree = "<group>"; };
		83345C642463ACA300C8C0D7 /* MHSDK.bundle */ = {isa = PBXFileReference; lastKnownFileType = "wrapper.plug-in"; path = MHSDK.bundle; sourceTree = "<group>"; };
		83345C652463ACA300C8C0D7 /* tracking.framework */ = {isa = PBXFileReference; lastKnownFileType = wrapper.framework; path = tracking.framework; sourceTree = "<group>"; };
		83345C672463ACA300C8C0D7 /* MHMeiyanMenusView.m */ = {isa = PBXFileReference; fileEncoding = 4; lastKnownFileType = sourcecode.c.objc; path = MHMeiyanMenusView.m; sourceTree = "<group>"; };
		83345C692463ACA300C8C0D7 /* MHQuickBeautyParams.plist */ = {isa = PBXFileReference; fileEncoding = 4; lastKnownFileType = text.plist.xml; path = MHQuickBeautyParams.plist; sourceTree = "<group>"; };
		83345C6A2463ACA300C8C0D7 /* MHBeautiesModel.h */ = {isa = PBXFileReference; fileEncoding = 4; lastKnownFileType = sourcecode.c.h; path = MHBeautiesModel.h; sourceTree = "<group>"; };
		83345C6B2463ACA300C8C0D7 /* MHFilterModel.m */ = {isa = PBXFileReference; fileEncoding = 4; lastKnownFileType = sourcecode.c.objc; path = MHFilterModel.m; sourceTree = "<group>"; };
		83345C6C2463ACA300C8C0D7 /* StickerDataListModel.h */ = {isa = PBXFileReference; fileEncoding = 4; lastKnownFileType = sourcecode.c.h; path = StickerDataListModel.h; sourceTree = "<group>"; };
		83345C6D2463ACA300C8C0D7 /* StickerManager.m */ = {isa = PBXFileReference; fileEncoding = 4; lastKnownFileType = sourcecode.c.objc; path = StickerManager.m; sourceTree = "<group>"; };
		83345C6E2463ACA300C8C0D7 /* MHBeautyParams.h */ = {isa = PBXFileReference; fileEncoding = 4; lastKnownFileType = sourcecode.c.h; path = MHBeautyParams.h; sourceTree = "<group>"; };
		83345C6F2463ACA300C8C0D7 /* MHBeautiesModel.m */ = {isa = PBXFileReference; fileEncoding = 4; lastKnownFileType = sourcecode.c.objc; path = MHBeautiesModel.m; sourceTree = "<group>"; };
		83345C702463ACA300C8C0D7 /* StickerDataListModel.m */ = {isa = PBXFileReference; fileEncoding = 4; lastKnownFileType = sourcecode.c.objc; path = StickerDataListModel.m; sourceTree = "<group>"; };
		83345C712463ACA300C8C0D7 /* MHFilterModel.h */ = {isa = PBXFileReference; fileEncoding = 4; lastKnownFileType = sourcecode.c.h; path = MHFilterModel.h; sourceTree = "<group>"; };
		83345C722463ACA300C8C0D7 /* StickerManager.h */ = {isa = PBXFileReference; fileEncoding = 4; lastKnownFileType = sourcecode.c.h; path = StickerManager.h; sourceTree = "<group>"; };
		83345C732463ACA300C8C0D7 /* MHMeiyanMenusView.h */ = {isa = PBXFileReference; fileEncoding = 4; lastKnownFileType = sourcecode.c.h; path = MHMeiyanMenusView.h; sourceTree = "<group>"; };
		83345C752463ACA300C8C0D7 /* MHPrintView.m */ = {isa = PBXFileReference; fileEncoding = 4; lastKnownFileType = sourcecode.c.objc; path = MHPrintView.m; sourceTree = "<group>"; };
		83345C762463ACA300C8C0D7 /* MHBeautyMenuCell.m */ = {isa = PBXFileReference; fileEncoding = 4; lastKnownFileType = sourcecode.c.objc; path = MHBeautyMenuCell.m; sourceTree = "<group>"; };
		83345C772463ACA300C8C0D7 /* MHCompleteBeautyView.h */ = {isa = PBXFileReference; fileEncoding = 4; lastKnownFileType = sourcecode.c.h; path = MHCompleteBeautyView.h; sourceTree = "<group>"; };
		83345C782463ACA300C8C0D7 /* MHBeautySlider.h */ = {isa = PBXFileReference; fileEncoding = 4; lastKnownFileType = sourcecode.c.h; path = MHBeautySlider.h; sourceTree = "<group>"; };
		83345C792463ACA300C8C0D7 /* MHBeautyView.m */ = {isa = PBXFileReference; fileEncoding = 4; lastKnownFileType = sourcecode.c.objc; path = MHBeautyView.m; sourceTree = "<group>"; };
		83345C7A2463ACA300C8C0D7 /* MHMagnifiedEffectCell.h */ = {isa = PBXFileReference; fileEncoding = 4; lastKnownFileType = sourcecode.c.h; path = MHMagnifiedEffectCell.h; sourceTree = "<group>"; };
		83345C7B2463ACA300C8C0D7 /* MHFiltersView.h */ = {isa = PBXFileReference; fileEncoding = 4; lastKnownFileType = sourcecode.c.h; path = MHFiltersView.h; sourceTree = "<group>"; };
		83345C7C2463ACA300C8C0D7 /* UIView+Additions.m */ = {isa = PBXFileReference; fileEncoding = 4; lastKnownFileType = sourcecode.c.objc; path = "UIView+Additions.m"; sourceTree = "<group>"; };
		83345C7D2463ACA300C8C0D7 /* MHSpecificEffectView.m */ = {isa = PBXFileReference; fileEncoding = 4; lastKnownFileType = sourcecode.c.objc; path = MHSpecificEffectView.m; sourceTree = "<group>"; };
		83345C7E2463ACA300C8C0D7 /* MHMagnifiedView.m */ = {isa = PBXFileReference; fileEncoding = 4; lastKnownFileType = sourcecode.c.objc; path = MHMagnifiedView.m; sourceTree = "<group>"; };
		83345C7F2463ACA300C8C0D7 /* MHSectionStickersView.m */ = {isa = PBXFileReference; fileEncoding = 4; lastKnownFileType = sourcecode.c.objc; path = MHSectionStickersView.m; sourceTree = "<group>"; };
		83345C802463ACA300C8C0D7 /* MHStickerCell.m */ = {isa = PBXFileReference; fileEncoding = 4; lastKnownFileType = sourcecode.c.objc; path = MHStickerCell.m; sourceTree = "<group>"; };
		83345C812463ACA300C8C0D7 /* WNSegmentControl.h */ = {isa = PBXFileReference; fileEncoding = 4; lastKnownFileType = sourcecode.c.h; path = WNSegmentControl.h; sourceTree = "<group>"; };
		83345C822463ACA300C8C0D7 /* MHBeautyAssembleView.m */ = {isa = PBXFileReference; fileEncoding = 4; lastKnownFileType = sourcecode.c.objc; path = MHBeautyAssembleView.m; sourceTree = "<group>"; };
		83345C832463ACA300C8C0D7 /* WNSegmentItem.h */ = {isa = PBXFileReference; fileEncoding = 4; lastKnownFileType = sourcecode.c.h; path = WNSegmentItem.h; sourceTree = "<group>"; };
		83345C842463ACA300C8C0D7 /* MHBeautyFaceView.h */ = {isa = PBXFileReference; fileEncoding = 4; lastKnownFileType = sourcecode.c.h; path = MHBeautyFaceView.h; sourceTree = "<group>"; };
		83345C852463ACA300C8C0D7 /* MHSpecificAssembleView.h */ = {isa = PBXFileReference; fileEncoding = 4; lastKnownFileType = sourcecode.c.h; path = MHSpecificAssembleView.h; sourceTree = "<group>"; };
		83345C862463ACA300C8C0D7 /* MHStickersView.h */ = {isa = PBXFileReference; fileEncoding = 4; lastKnownFileType = sourcecode.c.h; path = MHStickersView.h; sourceTree = "<group>"; };
		83345C872463ACA300C8C0D7 /* MHBeautyMenuCell.h */ = {isa = PBXFileReference; fileEncoding = 4; lastKnownFileType = sourcecode.c.h; path = MHBeautyMenuCell.h; sourceTree = "<group>"; };
		83345C882463ACA300C8C0D7 /* MHPrintView.h */ = {isa = PBXFileReference; fileEncoding = 4; lastKnownFileType = sourcecode.c.h; path = MHPrintView.h; sourceTree = "<group>"; };
		83345C892463ACA300C8C0D7 /* MHMagnifiedEffectCell.m */ = {isa = PBXFileReference; fileEncoding = 4; lastKnownFileType = sourcecode.c.objc; path = MHMagnifiedEffectCell.m; sourceTree = "<group>"; };
		83345C8A2463ACA300C8C0D7 /* MHBeautyView.h */ = {isa = PBXFileReference; fileEncoding = 4; lastKnownFileType = sourcecode.c.h; path = MHBeautyView.h; sourceTree = "<group>"; };
		83345C8B2463ACA300C8C0D7 /* MHBeautySlider.m */ = {isa = PBXFileReference; fileEncoding = 4; lastKnownFileType = sourcecode.c.objc; path = MHBeautySlider.m; sourceTree = "<group>"; };
		83345C8C2463ACA300C8C0D7 /* MHCompleteBeautyView.m */ = {isa = PBXFileReference; fileEncoding = 4; lastKnownFileType = sourcecode.c.objc; path = MHCompleteBeautyView.m; sourceTree = "<group>"; };
		83345C8D2463ACA300C8C0D7 /* MHSectionStickersView.h */ = {isa = PBXFileReference; fileEncoding = 4; lastKnownFileType = sourcecode.c.h; path = MHSectionStickersView.h; sourceTree = "<group>"; };
		83345C8E2463ACA300C8C0D7 /* MHMagnifiedView.h */ = {isa = PBXFileReference; fileEncoding = 4; lastKnownFileType = sourcecode.c.h; path = MHMagnifiedView.h; sourceTree = "<group>"; };
		83345C8F2463ACA300C8C0D7 /* MHSpecificEffectView.h */ = {isa = PBXFileReference; fileEncoding = 4; lastKnownFileType = sourcecode.c.h; path = MHSpecificEffectView.h; sourceTree = "<group>"; };
		83345C902463ACA300C8C0D7 /* UIView+Additions.h */ = {isa = PBXFileReference; fileEncoding = 4; lastKnownFileType = sourcecode.c.h; path = "UIView+Additions.h"; sourceTree = "<group>"; };
		83345C912463ACA300C8C0D7 /* MHFiltersView.m */ = {isa = PBXFileReference; fileEncoding = 4; lastKnownFileType = sourcecode.c.objc; path = MHFiltersView.m; sourceTree = "<group>"; };
		83345C922463ACA300C8C0D7 /* MHStickersView.m */ = {isa = PBXFileReference; fileEncoding = 4; lastKnownFileType = sourcecode.c.objc; path = MHStickersView.m; sourceTree = "<group>"; };
		83345C932463ACA300C8C0D7 /* MHSpecificAssembleView.m */ = {isa = PBXFileReference; fileEncoding = 4; lastKnownFileType = sourcecode.c.objc; path = MHSpecificAssembleView.m; sourceTree = "<group>"; };
		83345C942463ACA300C8C0D7 /* MHBeautyFaceView.m */ = {isa = PBXFileReference; fileEncoding = 4; lastKnownFileType = sourcecode.c.objc; path = MHBeautyFaceView.m; sourceTree = "<group>"; };
		83345C952463ACA300C8C0D7 /* WNSegmentItem.m */ = {isa = PBXFileReference; fileEncoding = 4; lastKnownFileType = sourcecode.c.objc; path = WNSegmentItem.m; sourceTree = "<group>"; };
		83345C962463ACA300C8C0D7 /* MHBeautyAssembleView.h */ = {isa = PBXFileReference; fileEncoding = 4; lastKnownFileType = sourcecode.c.h; path = MHBeautyAssembleView.h; sourceTree = "<group>"; };
		83345C972463ACA300C8C0D7 /* MHStickerCell.h */ = {isa = PBXFileReference; fileEncoding = 4; lastKnownFileType = sourcecode.c.h; path = MHStickerCell.h; sourceTree = "<group>"; };
		83345C982463ACA300C8C0D7 /* WNSegmentControl.m */ = {isa = PBXFileReference; fileEncoding = 4; lastKnownFileType = sourcecode.c.objc; path = WNSegmentControl.m; sourceTree = "<group>"; };
		83345CC12463ACCB00C8C0D7 /* MSVDMusicsLibrary.m */ = {isa = PBXFileReference; fileEncoding = 4; lastKnownFileType = sourcecode.c.objc; path = MSVDMusicsLibrary.m; sourceTree = "<group>"; };
		83345CC22463ACCB00C8C0D7 /* UIImage+MSVD.h */ = {isa = PBXFileReference; fileEncoding = 4; lastKnownFileType = sourcecode.c.h; path = "UIImage+MSVD.h"; sourceTree = "<group>"; };
		83345CC32463ACCB00C8C0D7 /* MSVDUtils.m */ = {isa = PBXFileReference; fileEncoding = 4; lastKnownFileType = sourcecode.c.objc; path = MSVDUtils.m; sourceTree = "<group>"; };
		83345CC42463ACCB00C8C0D7 /* MSVDStickersLibrary.m */ = {isa = PBXFileReference; fileEncoding = 4; lastKnownFileType = sourcecode.c.objc; path = MSVDStickersLibrary.m; sourceTree = "<group>"; };
		83345CC52463ACCB00C8C0D7 /* MSVDGlobalConfiguration.h */ = {isa = PBXFileReference; fileEncoding = 4; lastKnownFileType = sourcecode.c.h; path = MSVDGlobalConfiguration.h; sourceTree = "<group>"; };
		83345CC62463ACCB00C8C0D7 /* MSVDFiltersLibrary.m */ = {isa = PBXFileReference; fileEncoding = 4; lastKnownFileType = sourcecode.c.objc; path = MSVDFiltersLibrary.m; sourceTree = "<group>"; };
		83345CC72463ACCB00C8C0D7 /* UIColor+MSVD.h */ = {isa = PBXFileReference; fileEncoding = 4; lastKnownFileType = sourcecode.c.h; path = "UIColor+MSVD.h"; sourceTree = "<group>"; };
		83345CC82463ACCB00C8C0D7 /* MSVDTypeDefines.h */ = {isa = PBXFileReference; fileEncoding = 4; lastKnownFileType = sourcecode.c.h; path = MSVDTypeDefines.h; sourceTree = "<group>"; };
		83345CC92463ACCB00C8C0D7 /* MSVClip+MSVD.h */ = {isa = PBXFileReference; fileEncoding = 4; lastKnownFileType = sourcecode.c.h; path = "MSVClip+MSVD.h"; sourceTree = "<group>"; };
		83345CCA2463ACCB00C8C0D7 /* MSVDMusicsLibrary.h */ = {isa = PBXFileReference; fileEncoding = 4; lastKnownFileType = sourcecode.c.h; path = MSVDMusicsLibrary.h; sourceTree = "<group>"; };
		83345CCB2463ACCB00C8C0D7 /* MSVDTypeDefines.m */ = {isa = PBXFileReference; fileEncoding = 4; lastKnownFileType = sourcecode.c.objc; path = MSVDTypeDefines.m; sourceTree = "<group>"; };
		83345CCC2463ACCB00C8C0D7 /* MSVDFiltersLibrary.h */ = {isa = PBXFileReference; fileEncoding = 4; lastKnownFileType = sourcecode.c.h; path = MSVDFiltersLibrary.h; sourceTree = "<group>"; };
		83345CCD2463ACCB00C8C0D7 /* UIColor+MSVD.m */ = {isa = PBXFileReference; fileEncoding = 4; lastKnownFileType = sourcecode.c.objc; path = "UIColor+MSVD.m"; sourceTree = "<group>"; };
		83345CCE2463ACCB00C8C0D7 /* MSVDGlobalConfiguration.m */ = {isa = PBXFileReference; fileEncoding = 4; lastKnownFileType = sourcecode.c.objc; path = MSVDGlobalConfiguration.m; sourceTree = "<group>"; };
		83345CCF2463ACCB00C8C0D7 /* MSVDStickersLibrary.h */ = {isa = PBXFileReference; fileEncoding = 4; lastKnownFileType = sourcecode.c.h; path = MSVDStickersLibrary.h; sourceTree = "<group>"; };
		83345CD02463ACCB00C8C0D7 /* MSVDUtils.h */ = {isa = PBXFileReference; fileEncoding = 4; lastKnownFileType = sourcecode.c.h; path = MSVDUtils.h; sourceTree = "<group>"; };
		83345CD12463ACCB00C8C0D7 /* UIImage+MSVD.m */ = {isa = PBXFileReference; fileEncoding = 4; lastKnownFileType = sourcecode.c.objc; path = "UIImage+MSVD.m"; sourceTree = "<group>"; };
		83345CD32463ACCB00C8C0D7 /* MSVDMusicsViewController.h */ = {isa = PBXFileReference; fileEncoding = 4; lastKnownFileType = sourcecode.c.h; path = MSVDMusicsViewController.h; sourceTree = "<group>"; };
		83345CD42463ACCB00C8C0D7 /* MSVDMixDragView.h */ = {isa = PBXFileReference; fileEncoding = 4; lastKnownFileType = sourcecode.c.h; path = MSVDMixDragView.h; sourceTree = "<group>"; };
		83345CD52463ACCB00C8C0D7 /* MSVDSlider.m */ = {isa = PBXFileReference; fileEncoding = 4; lastKnownFileType = sourcecode.c.objc; path = MSVDSlider.m; sourceTree = "<group>"; };
		83345CD62463ACCB00C8C0D7 /* MSVDStickersView.h */ = {isa = PBXFileReference; fileEncoding = 4; lastKnownFileType = sourcecode.c.h; path = MSVDStickersView.h; sourceTree = "<group>"; };
		83345CD72463ACCB00C8C0D7 /* MSVDSnapshotBar.h */ = {isa = PBXFileReference; fileEncoding = 4; lastKnownFileType = sourcecode.c.h; path = MSVDSnapshotBar.h; sourceTree = "<group>"; };
		83345CD82463ACCB00C8C0D7 /* MSVDFrameView.h */ = {isa = PBXFileReference; fileEncoding = 4; lastKnownFileType = sourcecode.c.h; path = MSVDFrameView.h; sourceTree = "<group>"; };
		83345CD92463ACCB00C8C0D7 /* MSVDMusicsViewController.m */ = {isa = PBXFileReference; fileEncoding = 4; lastKnownFileType = sourcecode.c.objc; path = MSVDMusicsViewController.m; sourceTree = "<group>"; };
		83345CDA2463ACCB00C8C0D7 /* MSVDMixDragView.m */ = {isa = PBXFileReference; fileEncoding = 4; lastKnownFileType = sourcecode.c.objc; path = MSVDMixDragView.m; sourceTree = "<group>"; };
		83345CDB2463ACCB00C8C0D7 /* MSVDStickersView.m */ = {isa = PBXFileReference; fileEncoding = 4; lastKnownFileType = sourcecode.c.objc; path = MSVDStickersView.m; sourceTree = "<group>"; };
		83345CDC2463ACCB00C8C0D7 /* MSVDSlider.h */ = {isa = PBXFileReference; fileEncoding = 4; lastKnownFileType = sourcecode.c.h; path = MSVDSlider.h; sourceTree = "<group>"; };
		83345CDD2463ACCB00C8C0D7 /* MSVDFrameView.m */ = {isa = PBXFileReference; fileEncoding = 4; lastKnownFileType = sourcecode.c.objc; path = MSVDFrameView.m; sourceTree = "<group>"; };
		83345CDE2463ACCB00C8C0D7 /* MSVDSnapshotBar.m */ = {isa = PBXFileReference; fileEncoding = 4; lastKnownFileType = sourcecode.c.objc; path = MSVDSnapshotBar.m; sourceTree = "<group>"; };
		83345CDF2463ACCB00C8C0D7 /* MSVClip+MSVD.m */ = {isa = PBXFileReference; fileEncoding = 4; lastKnownFileType = sourcecode.c.objc; path = "MSVClip+MSVD.m"; sourceTree = "<group>"; };
		83345CE12463ACCB00C8C0D7 /* MSVDRecorderViewController.h */ = {isa = PBXFileReference; fileEncoding = 4; lastKnownFileType = sourcecode.c.h; path = MSVDRecorderViewController.h; sourceTree = "<group>"; };
		83345CE22463ACCB00C8C0D7 /* MSVDRecorderViewController.m */ = {isa = PBXFileReference; fileEncoding = 4; lastKnownFileType = sourcecode.c.objc; path = MSVDRecorderViewController.m; sourceTree = "<group>"; };
		83345CE42463ACCB00C8C0D7 /* MSVDToolboxView.h */ = {isa = PBXFileReference; fileEncoding = 4; lastKnownFileType = sourcecode.c.h; path = MSVDToolboxView.h; sourceTree = "<group>"; };
		83345CE52463ACCB00C8C0D7 /* MSVDEditorViewController.h */ = {isa = PBXFileReference; fileEncoding = 4; lastKnownFileType = sourcecode.c.h; path = MSVDEditorViewController.h; sourceTree = "<group>"; };
		83345CE62463ACCB00C8C0D7 /* MSVDClipsAndEeffectsView.m */ = {isa = PBXFileReference; fileEncoding = 4; lastKnownFileType = sourcecode.c.objc; path = MSVDClipsAndEeffectsView.m; sourceTree = "<group>"; };
		83345CE72463ACCB00C8C0D7 /* MSVDEditorViewController.m */ = {isa = PBXFileReference; fileEncoding = 4; lastKnownFileType = sourcecode.c.objc; path = MSVDEditorViewController.m; sourceTree = "<group>"; };
		83345CE82463ACCB00C8C0D7 /* MSVDToolboxView.m */ = {isa = PBXFileReference; fileEncoding = 4; lastKnownFileType = sourcecode.c.objc; path = MSVDToolboxView.m; sourceTree = "<group>"; };
		83345CE92463ACCB00C8C0D7 /* MSVDClipsAndEeffectsView.h */ = {isa = PBXFileReference; fileEncoding = 4; lastKnownFileType = sourcecode.c.h; path = MSVDClipsAndEeffectsView.h; sourceTree = "<group>"; };
		83345CEB2463ACCB00C8C0D7 /* MSVDExportViewController.m */ = {isa = PBXFileReference; fileEncoding = 4; lastKnownFileType = sourcecode.c.objc; path = MSVDExportViewController.m; sourceTree = "<group>"; };
		83345CEC2463ACCB00C8C0D7 /* MSVDExportViewController.h */ = {isa = PBXFileReference; fileEncoding = 4; lastKnownFileType = sourcecode.c.h; path = MSVDExportViewController.h; sourceTree = "<group>"; };
		83345CEE2463ACCB00C8C0D7 /* MSVDHomeViewController.h */ = {isa = PBXFileReference; fileEncoding = 4; lastKnownFileType = sourcecode.c.h; path = MSVDHomeViewController.h; sourceTree = "<group>"; };
		83345CEF2463ACCB00C8C0D7 /* MSVDHomeViewController.m */ = {isa = PBXFileReference; fileEncoding = 4; lastKnownFileType = sourcecode.c.objc; path = MSVDHomeViewController.m; sourceTree = "<group>"; };
		834BD14E239E42A7004B0F89 /* MovieousShortVideoDemo.pch */ = {isa = PBXFileReference; lastKnownFileType = sourcecode.c.h; path = MovieousShortVideoDemo.pch; sourceTree = "<group>"; };
		834BD14F239E43F7004B0F89 /* zh-Hans */ = {isa = PBXFileReference; lastKnownFileType = text.plist.strings; name = "zh-Hans"; path = "zh-Hans.lproj/LaunchScreen.strings"; sourceTree = "<group>"; };
		834BD15D239E48C0004B0F89 /* Base */ = {isa = PBXFileReference; lastKnownFileType = text.plist.strings; name = Base; path = Base.lproj/Localizable.strings; sourceTree = "<group>"; };
		834BD15F239E48C6004B0F89 /* zh-Hans */ = {isa = PBXFileReference; lastKnownFileType = text.plist.strings; name = "zh-Hans"; path = "zh-Hans.lproj/Localizable.strings"; sourceTree = "<group>"; };
		83EDE9E624025C3900FB7842 /* MovieousShortVideoDemo-Bridging-Header.h */ = {isa = PBXFileReference; lastKnownFileType = sourcecode.c.h; path = "MovieousShortVideoDemo-Bridging-Header.h"; sourceTree = "<group>"; };
		9EAFFB9E54D1023134EC8152 /* Pods_MovieousShortVideoDemo.framework */ = {isa = PBXFileReference; explicitFileType = wrapper.framework; includeInIndex = 0; path = Pods_MovieousShortVideoDemo.framework; sourceTree = BUILT_PRODUCTS_DIR; };
		B6CE82502406C3900065F5AB /* Filters.bundle */ = {isa = PBXFileReference; lastKnownFileType = "wrapper.plug-in"; path = Filters.bundle; sourceTree = "<group>"; };
		B6CE82582406C39F0065F5AB /* filter_template.jpg */ = {isa = PBXFileReference; lastKnownFileType = image.jpeg; path = filter_template.jpg; sourceTree = "<group>"; };
/* End PBXFileReference section */

/* Begin PBXFrameworksBuildPhase section */
		8328A96D239E39C900BA738F /* Frameworks */ = {
			isa = PBXFrameworksBuildPhase;
			buildActionMask = 2147483647;
			files = (
				83345CA72463ACA400C8C0D7 /* tracking.framework in Frameworks */,
				83345C9A2463ACA400C8C0D7 /* MHBeautySDK.framework in Frameworks */,
				B2A1A4F18416453DC7FA1AB7 /* Pods_MovieousShortVideoDemo.framework in Frameworks */,
			);
			runOnlyForDeploymentPostprocessing = 0;
		};
		8328A988239E39C900BA738F /* Frameworks */ = {
			isa = PBXFrameworksBuildPhase;
			buildActionMask = 2147483647;
			files = (
			);
			runOnlyForDeploymentPostprocessing = 0;
		};
		8328A993239E39C900BA738F /* Frameworks */ = {
			isa = PBXFrameworksBuildPhase;
			buildActionMask = 2147483647;
			files = (
			);
			runOnlyForDeploymentPostprocessing = 0;
		};
/* End PBXFrameworksBuildPhase section */

/* Begin PBXGroup section */
		5D132DF5532FDDFD65997868 /* Pods */ = {
			isa = PBXGroup;
			children = (
				02DAE9C23B6B016B02DB4971 /* Pods-MovieousShortVideoDemo.debug.xcconfig */,
				7966FE0DEDFD34A51C0F218D /* Pods-MovieousShortVideoDemo.release.xcconfig */,
			);
			path = Pods;
			sourceTree = "<group>";
		};
		8328A967239E39C900BA738F = {
			isa = PBXGroup;
			children = (
				8328A972239E39C900BA738F /* MovieousShortVideoDemo */,
				8328A98E239E39C900BA738F /* MovieousShortVideoDemoTests */,
				8328A999239E39CA00BA738F /* MovieousShortVideoDemoUITests */,
				8328A971239E39C900BA738F /* Products */,
				5D132DF5532FDDFD65997868 /* Pods */,
				E679326897C3FA8F13221F59 /* Frameworks */,
			);
			sourceTree = "<group>";
		};
		8328A971239E39C900BA738F /* Products */ = {
			isa = PBXGroup;
			children = (
				8328A970239E39C900BA738F /* MovieousShortVideoDemo.app */,
				8328A98B239E39C900BA738F /* MovieousShortVideoDemoTests.xctest */,
				8328A996239E39C900BA738F /* MovieousShortVideoDemoUITests.xctest */,
			);
			name = Products;
			sourceTree = "<group>";
		};
		8328A972239E39C900BA738F /* MovieousShortVideoDemo */ = {
			isa = PBXGroup;
			children = (
				83345CC02463ACCB00C8C0D7 /* Common */,
				83345CE32463ACCB00C8C0D7 /* Editor */,
				83345CEA2463ACCB00C8C0D7 /* Exporter */,
				83345CED2463ACCB00C8C0D7 /* Home */,
				83345CE02463ACCB00C8C0D7 /* Recorder */,
				83345C512463ACA300C8C0D7 /* Vendor */,
				8328A973239E39C900BA738F /* AppDelegate.h */,
				8328A974239E39C900BA738F /* AppDelegate.m */,
				B6CE82582406C39F0065F5AB /* filter_template.jpg */,
				B6CE82502406C3900065F5AB /* Filters.bundle */,
				83EDE9E624025C3900FB7842 /* MovieousShortVideoDemo-Bridging-Header.h */,
				8328A97F239E39C900BA738F /* Assets.xcassets */,
				8328A981239E39C900BA738F /* LaunchScreen.storyboard */,
				8328A984239E39C900BA738F /* Info.plist */,
				8328A985239E39C900BA738F /* main.m */,
				834BD14E239E42A7004B0F89 /* MovieousShortVideoDemo.pch */,
				834BD15C239E48C0004B0F89 /* Localizable.strings */,
			);
			path = MovieousShortVideoDemo;
			sourceTree = "<group>";
		};
		8328A98E239E39C900BA738F /* MovieousShortVideoDemoTests */ = {
			isa = PBXGroup;
			children = (
				8328A98F239E39C900BA738F /* MovieousShortVideoDemoTests.m */,
				8328A991239E39C900BA738F /* Info.plist */,
			);
			path = MovieousShortVideoDemoTests;
			sourceTree = "<group>";
		};
		8328A999239E39CA00BA738F /* MovieousShortVideoDemoUITests */ = {
			isa = PBXGroup;
			children = (
				8328A99A239E39CA00BA738F /* MovieousShortVideoDemoUITests.m */,
				8328A99C239E39CA00BA738F /* Info.plist */,
			);
			path = MovieousShortVideoDemoUITests;
			sourceTree = "<group>";
		};
		83345C512463ACA300C8C0D7 /* Vendor */ = {
			isa = PBXGroup;
			children = (
				83345C522463ACA300C8C0D7 /* MHSDK */,
			);
			path = Vendor;
			sourceTree = "<group>";
		};
		83345C522463ACA300C8C0D7 /* MHSDK */ = {
			isa = PBXGroup;
			children = (
				83345C532463ACA300C8C0D7 /* MHFilter */,
				83345C562463ACA300C8C0D7 /* MHResources */,
				83345C662463ACA300C8C0D7 /* MHUI */,
			);
			path = MHSDK;
			sourceTree = "<group>";
		};
		83345C532463ACA300C8C0D7 /* MHFilter */ = {
			isa = PBXGroup;
			children = (
				83345C542463ACA300C8C0D7 /* MHFilter.m */,
				83345C552463ACA300C8C0D7 /* MHFilter.h */,
			);
			path = MHFilter;
			sourceTree = "<group>";
		};
		83345C562463ACA300C8C0D7 /* MHResources */ = {
			isa = PBXGroup;
			children = (
				83345C572463ACA300C8C0D7 /* MHBeautySDK.framework */,
				83345C582463ACA300C8C0D7 /* server.cer */,
				83345C592463ACA300C8C0D7 /* 水印 */,
				83345C642463ACA300C8C0D7 /* MHSDK.bundle */,
				83345C652463ACA300C8C0D7 /* tracking.framework */,
			);
			path = MHResources;
			sourceTree = "<group>";
		};
		83345C592463ACA300C8C0D7 /* 水印 */ = {
			isa = PBXGroup;
			children = (
				83345C5A2463ACA300C8C0D7 /* print_cancel@2x.png */,
				83345C5B2463ACA300C8C0D7 /* top_right@2x.png */,
				83345C5C2463ACA300C8C0D7 /* top_right_selected.png */,
				83345C5D2463ACA300C8C0D7 /* bottom_right@2x.png */,
				83345C5E2463ACA300C8C0D7 /* top_left@2x.png */,
				83345C5F2463ACA300C8C0D7 /* bottom_left_selected.png */,
				83345C602463ACA300C8C0D7 /* WatermarkImages.plist */,
				83345C612463ACA300C8C0D7 /* bottom_right_selected.png */,
				83345C622463ACA300C8C0D7 /* top_left_selected.png */,
				83345C632463ACA300C8C0D7 /* bottom_left@2x.png */,
			);
			path = "水印";
			sourceTree = "<group>";
		};
		83345C662463ACA300C8C0D7 /* MHUI */ = {
			isa = PBXGroup;
			children = (
				83345C672463ACA300C8C0D7 /* MHMeiyanMenusView.m */,
				83345C682463ACA300C8C0D7 /* Model */,
				83345C732463ACA300C8C0D7 /* MHMeiyanMenusView.h */,
				83345C742463ACA300C8C0D7 /* Views */,
			);
			path = MHUI;
			sourceTree = "<group>";
		};
		83345C682463ACA300C8C0D7 /* Model */ = {
			isa = PBXGroup;
			children = (
				83345C692463ACA300C8C0D7 /* MHQuickBeautyParams.plist */,
				83345C6A2463ACA300C8C0D7 /* MHBeautiesModel.h */,
				83345C6B2463ACA300C8C0D7 /* MHFilterModel.m */,
				83345C6C2463ACA300C8C0D7 /* StickerDataListModel.h */,
				83345C6D2463ACA300C8C0D7 /* StickerManager.m */,
				83345C6E2463ACA300C8C0D7 /* MHBeautyParams.h */,
				83345C6F2463ACA300C8C0D7 /* MHBeautiesModel.m */,
				83345C702463ACA300C8C0D7 /* StickerDataListModel.m */,
				83345C712463ACA300C8C0D7 /* MHFilterModel.h */,
				83345C722463ACA300C8C0D7 /* StickerManager.h */,
			);
			path = Model;
			sourceTree = "<group>";
		};
		83345C742463ACA300C8C0D7 /* Views */ = {
			isa = PBXGroup;
			children = (
				83345C752463ACA300C8C0D7 /* MHPrintView.m */,
				83345C762463ACA300C8C0D7 /* MHBeautyMenuCell.m */,
				83345C772463ACA300C8C0D7 /* MHCompleteBeautyView.h */,
				83345C782463ACA300C8C0D7 /* MHBeautySlider.h */,
				83345C792463ACA300C8C0D7 /* MHBeautyView.m */,
				83345C7A2463ACA300C8C0D7 /* MHMagnifiedEffectCell.h */,
				83345C7B2463ACA300C8C0D7 /* MHFiltersView.h */,
				83345C7C2463ACA300C8C0D7 /* UIView+Additions.m */,
				83345C7D2463ACA300C8C0D7 /* MHSpecificEffectView.m */,
				83345C7E2463ACA300C8C0D7 /* MHMagnifiedView.m */,
				83345C7F2463ACA300C8C0D7 /* MHSectionStickersView.m */,
				83345C802463ACA300C8C0D7 /* MHStickerCell.m */,
				83345C812463ACA300C8C0D7 /* WNSegmentControl.h */,
				83345C822463ACA300C8C0D7 /* MHBeautyAssembleView.m */,
				83345C832463ACA300C8C0D7 /* WNSegmentItem.h */,
				83345C842463ACA300C8C0D7 /* MHBeautyFaceView.h */,
				83345C852463ACA300C8C0D7 /* MHSpecificAssembleView.h */,
				83345C862463ACA300C8C0D7 /* MHStickersView.h */,
				83345C872463ACA300C8C0D7 /* MHBeautyMenuCell.h */,
				83345C882463ACA300C8C0D7 /* MHPrintView.h */,
				83345C892463ACA300C8C0D7 /* MHMagnifiedEffectCell.m */,
				83345C8A2463ACA300C8C0D7 /* MHBeautyView.h */,
				83345C8B2463ACA300C8C0D7 /* MHBeautySlider.m */,
				83345C8C2463ACA300C8C0D7 /* MHCompleteBeautyView.m */,
				83345C8D2463ACA300C8C0D7 /* MHSectionStickersView.h */,
				83345C8E2463ACA300C8C0D7 /* MHMagnifiedView.h */,
				83345C8F2463ACA300C8C0D7 /* MHSpecificEffectView.h */,
				83345C902463ACA300C8C0D7 /* UIView+Additions.h */,
				83345C912463ACA300C8C0D7 /* MHFiltersView.m */,
				83345C922463ACA300C8C0D7 /* MHStickersView.m */,
				83345C932463ACA300C8C0D7 /* MHSpecificAssembleView.m */,
				83345C942463ACA300C8C0D7 /* MHBeautyFaceView.m */,
				83345C952463ACA300C8C0D7 /* WNSegmentItem.m */,
				83345C962463ACA300C8C0D7 /* MHBeautyAssembleView.h */,
				83345C972463ACA300C8C0D7 /* MHStickerCell.h */,
				83345C982463ACA300C8C0D7 /* WNSegmentControl.m */,
			);
			path = Views;
			sourceTree = "<group>";
		};
		83345CC02463ACCB00C8C0D7 /* Common */ = {
			isa = PBXGroup;
			children = (
				83345CC12463ACCB00C8C0D7 /* MSVDMusicsLibrary.m */,
				83345CC22463ACCB00C8C0D7 /* UIImage+MSVD.h */,
				83345CC32463ACCB00C8C0D7 /* MSVDUtils.m */,
				83345CC42463ACCB00C8C0D7 /* MSVDStickersLibrary.m */,
				83345CC52463ACCB00C8C0D7 /* MSVDGlobalConfiguration.h */,
				83345CC62463ACCB00C8C0D7 /* MSVDFiltersLibrary.m */,
				83345CC72463ACCB00C8C0D7 /* UIColor+MSVD.h */,
				83345CC82463ACCB00C8C0D7 /* MSVDTypeDefines.h */,
				83345CC92463ACCB00C8C0D7 /* MSVClip+MSVD.h */,
				83345CCA2463ACCB00C8C0D7 /* MSVDMusicsLibrary.h */,
				83345CCB2463ACCB00C8C0D7 /* MSVDTypeDefines.m */,
				83345CCC2463ACCB00C8C0D7 /* MSVDFiltersLibrary.h */,
				83345CCD2463ACCB00C8C0D7 /* UIColor+MSVD.m */,
				83345CCE2463ACCB00C8C0D7 /* MSVDGlobalConfiguration.m */,
				83345CCF2463ACCB00C8C0D7 /* MSVDStickersLibrary.h */,
				83345CD02463ACCB00C8C0D7 /* MSVDUtils.h */,
				83345CD12463ACCB00C8C0D7 /* UIImage+MSVD.m */,
				83345CD22463ACCB00C8C0D7 /* Views */,
				83345CDF2463ACCB00C8C0D7 /* MSVClip+MSVD.m */,
			);
			path = Common;
			sourceTree = "<group>";
		};
		83345CD22463ACCB00C8C0D7 /* Views */ = {
			isa = PBXGroup;
			children = (
				83345CD32463ACCB00C8C0D7 /* MSVDMusicsViewController.h */,
				83345CD42463ACCB00C8C0D7 /* MSVDMixDragView.h */,
				83345CD52463ACCB00C8C0D7 /* MSVDSlider.m */,
				83345CD62463ACCB00C8C0D7 /* MSVDStickersView.h */,
				83345CD72463ACCB00C8C0D7 /* MSVDSnapshotBar.h */,
				83345CD82463ACCB00C8C0D7 /* MSVDFrameView.h */,
				83345CD92463ACCB00C8C0D7 /* MSVDMusicsViewController.m */,
				83345CDA2463ACCB00C8C0D7 /* MSVDMixDragView.m */,
				83345CDB2463ACCB00C8C0D7 /* MSVDStickersView.m */,
				83345CDC2463ACCB00C8C0D7 /* MSVDSlider.h */,
				83345CDD2463ACCB00C8C0D7 /* MSVDFrameView.m */,
				83345CDE2463ACCB00C8C0D7 /* MSVDSnapshotBar.m */,
			);
			path = Views;
			sourceTree = "<group>";
		};
		83345CE02463ACCB00C8C0D7 /* Recorder */ = {
			isa = PBXGroup;
			children = (
				83345CE12463ACCB00C8C0D7 /* MSVDRecorderViewController.h */,
				83345CE22463ACCB00C8C0D7 /* MSVDRecorderViewController.m */,
			);
			path = Recorder;
			sourceTree = "<group>";
		};
		83345CE32463ACCB00C8C0D7 /* Editor */ = {
			isa = PBXGroup;
			children = (
				83345CE42463ACCB00C8C0D7 /* MSVDToolboxView.h */,
				83345CE52463ACCB00C8C0D7 /* MSVDEditorViewController.h */,
				83345CE62463ACCB00C8C0D7 /* MSVDClipsAndEeffectsView.m */,
				83345CE72463ACCB00C8C0D7 /* MSVDEditorViewController.m */,
				83345CE82463ACCB00C8C0D7 /* MSVDToolboxView.m */,
				83345CE92463ACCB00C8C0D7 /* MSVDClipsAndEeffectsView.h */,
			);
			path = Editor;
			sourceTree = "<group>";
		};
		83345CEA2463ACCB00C8C0D7 /* Exporter */ = {
			isa = PBXGroup;
			children = (
				83345CEB2463ACCB00C8C0D7 /* MSVDExportViewController.m */,
				83345CEC2463ACCB00C8C0D7 /* MSVDExportViewController.h */,
			);
			path = Exporter;
			sourceTree = "<group>";
		};
		83345CED2463ACCB00C8C0D7 /* Home */ = {
			isa = PBXGroup;
			children = (
				83345CEE2463ACCB00C8C0D7 /* MSVDHomeViewController.h */,
				83345CEF2463ACCB00C8C0D7 /* MSVDHomeViewController.m */,
			);
			path = Home;
			sourceTree = "<group>";
		};
		E679326897C3FA8F13221F59 /* Frameworks */ = {
			isa = PBXGroup;
			children = (
				9EAFFB9E54D1023134EC8152 /* Pods_MovieousShortVideoDemo.framework */,
			);
			name = Frameworks;
			sourceTree = "<group>";
		};
/* End PBXGroup section */

/* Begin PBXNativeTarget section */
		8328A96F239E39C900BA738F /* MovieousShortVideoDemo */ = {
			isa = PBXNativeTarget;
			buildConfigurationList = 8328A99F239E39CA00BA738F /* Build configuration list for PBXNativeTarget "MovieousShortVideoDemo" */;
			buildPhases = (
				B5DC81907DBF11C451024C71 /* [CP] Check Pods Manifest.lock */,
				8328A96C239E39C900BA738F /* Sources */,
				8328A96D239E39C900BA738F /* Frameworks */,
				8328A96E239E39C900BA738F /* Resources */,
				D298250DEB7F58CF15FE48FA /* [CP] Embed Pods Frameworks */,
			);
			buildRules = (
			);
			dependencies = (
			);
			name = MovieousShortVideoDemo;
			productName = MovieousShortVideoDemo;
			productReference = 8328A970239E39C900BA738F /* MovieousShortVideoDemo.app */;
			productType = "com.apple.product-type.application";
		};
		8328A98A239E39C900BA738F /* MovieousShortVideoDemoTests */ = {
			isa = PBXNativeTarget;
			buildConfigurationList = 8328A9A2239E39CA00BA738F /* Build configuration list for PBXNativeTarget "MovieousShortVideoDemoTests" */;
			buildPhases = (
				8328A987239E39C900BA738F /* Sources */,
				8328A988239E39C900BA738F /* Frameworks */,
				8328A989239E39C900BA738F /* Resources */,
			);
			buildRules = (
			);
			dependencies = (
				8328A98D239E39C900BA738F /* PBXTargetDependency */,
			);
			name = MovieousShortVideoDemoTests;
			productName = MovieousShortVideoDemoTests;
			productReference = 8328A98B239E39C900BA738F /* MovieousShortVideoDemoTests.xctest */;
			productType = "com.apple.product-type.bundle.unit-test";
		};
		8328A995239E39C900BA738F /* MovieousShortVideoDemoUITests */ = {
			isa = PBXNativeTarget;
			buildConfigurationList = 8328A9A5239E39CA00BA738F /* Build configuration list for PBXNativeTarget "MovieousShortVideoDemoUITests" */;
			buildPhases = (
				8328A992239E39C900BA738F /* Sources */,
				8328A993239E39C900BA738F /* Frameworks */,
				8328A994239E39C900BA738F /* Resources */,
			);
			buildRules = (
			);
			dependencies = (
				8328A998239E39C900BA738F /* PBXTargetDependency */,
			);
			name = MovieousShortVideoDemoUITests;
			productName = MovieousShortVideoDemoUITests;
			productReference = 8328A996239E39C900BA738F /* MovieousShortVideoDemoUITests.xctest */;
			productType = "com.apple.product-type.bundle.ui-testing";
		};
/* End PBXNativeTarget section */

/* Begin PBXProject section */
		8328A968239E39C900BA738F /* Project object */ = {
			isa = PBXProject;
			attributes = {
				LastUpgradeCheck = 1120;
				ORGANIZATIONNAME = "Movieous Team";
				TargetAttributes = {
					8328A96F239E39C900BA738F = {
						CreatedOnToolsVersion = 11.2.1;
						LastSwiftMigration = 1130;
					};
					8328A98A239E39C900BA738F = {
						CreatedOnToolsVersion = 11.2.1;
						TestTargetID = 8328A96F239E39C900BA738F;
					};
					8328A995239E39C900BA738F = {
						CreatedOnToolsVersion = 11.2.1;
						TestTargetID = 8328A96F239E39C900BA738F;
					};
				};
			};
			buildConfigurationList = 8328A96B239E39C900BA738F /* Build configuration list for PBXProject "MovieousShortVideoDemo" */;
			compatibilityVersion = "Xcode 9.3";
			developmentRegion = en;
			hasScannedForEncodings = 0;
			knownRegions = (
				en,
				Base,
				"zh-Hans",
			);
			mainGroup = 8328A967239E39C900BA738F;
			productRefGroup = 8328A971239E39C900BA738F /* Products */;
			projectDirPath = "";
			projectRoot = "";
			targets = (
				8328A96F239E39C900BA738F /* MovieousShortVideoDemo */,
				8328A98A239E39C900BA738F /* MovieousShortVideoDemoTests */,
				8328A995239E39C900BA738F /* MovieousShortVideoDemoUITests */,
			);
		};
/* End PBXProject section */

/* Begin PBXResourcesBuildPhase section */
		8328A96E239E39C900BA738F /* Resources */ = {
			isa = PBXResourcesBuildPhase;
			buildActionMask = 2147483647;
			files = (
				83345CA32463ACA400C8C0D7 /* bottom_right_selected.png in Resources */,
				83345CA92463ACA400C8C0D7 /* MHQuickBeautyParams.plist in Resources */,
				B6CE82572406C3900065F5AB /* Filters.bundle in Resources */,
				83345C9C2463ACA400C8C0D7 /* print_cancel@2x.png in Resources */,
				83345CA12463ACA400C8C0D7 /* bottom_left_selected.png in Resources */,
				B6CE82592406C39F0065F5AB /* filter_template.jpg in Resources */,
				83345C9E2463ACA400C8C0D7 /* top_right_selected.png in Resources */,
				83345CA02463ACA400C8C0D7 /* top_left@2x.png in Resources */,
				83345C9F2463ACA400C8C0D7 /* bottom_right@2x.png in Resources */,
				83345CA22463ACA400C8C0D7 /* WatermarkImages.plist in Resources */,
				8328A983239E39C900BA738F /* LaunchScreen.storyboard in Resources */,
				834BD15E239E48C0004B0F89 /* Localizable.strings in Resources */,
				83345C9D2463ACA400C8C0D7 /* top_right@2x.png in Resources */,
				8328A980239E39C900BA738F /* Assets.xcassets in Resources */,
				83345CA62463ACA400C8C0D7 /* MHSDK.bundle in Resources */,
				83345CA42463ACA400C8C0D7 /* top_left_selected.png in Resources */,
				83345CA52463ACA400C8C0D7 /* bottom_left@2x.png in Resources */,
				83345C9B2463ACA400C8C0D7 /* server.cer in Resources */,
			);
			runOnlyForDeploymentPostprocessing = 0;
		};
		8328A989239E39C900BA738F /* Resources */ = {
			isa = PBXResourcesBuildPhase;
			buildActionMask = 2147483647;
			files = (
			);
			runOnlyForDeploymentPostprocessing = 0;
		};
		8328A994239E39C900BA738F /* Resources */ = {
			isa = PBXResourcesBuildPhase;
			buildActionMask = 2147483647;
			files = (
			);
			runOnlyForDeploymentPostprocessing = 0;
		};
/* End PBXResourcesBuildPhase section */

/* Begin PBXShellScriptBuildPhase section */
		B5DC81907DBF11C451024C71 /* [CP] Check Pods Manifest.lock */ = {
			isa = PBXShellScriptBuildPhase;
			buildActionMask = 2147483647;
			files = (
			);
			inputFileListPaths = (
			);
			inputPaths = (
				"${PODS_PODFILE_DIR_PATH}/Podfile.lock",
				"${PODS_ROOT}/Manifest.lock",
			);
			name = "[CP] Check Pods Manifest.lock";
			outputFileListPaths = (
			);
			outputPaths = (
				"$(DERIVED_FILE_DIR)/Pods-MovieousShortVideoDemo-checkManifestLockResult.txt",
			);
			runOnlyForDeploymentPostprocessing = 0;
			shellPath = /bin/sh;
			shellScript = "diff \"${PODS_PODFILE_DIR_PATH}/Podfile.lock\" \"${PODS_ROOT}/Manifest.lock\" > /dev/null\nif [ $? != 0 ] ; then\n    # print error to STDERR\n    echo \"error: The sandbox is not in sync with the Podfile.lock. Run 'pod install' or update your CocoaPods installation.\" >&2\n    exit 1\nfi\n# This output is used by Xcode 'outputs' to avoid re-running this script phase.\necho \"SUCCESS\" > \"${SCRIPT_OUTPUT_FILE_0}\"\n";
			showEnvVarsInLog = 0;
		};
		D298250DEB7F58CF15FE48FA /* [CP] Embed Pods Frameworks */ = {
			isa = PBXShellScriptBuildPhase;
			buildActionMask = 2147483647;
			files = (
			);
			inputFileListPaths = (
				"${PODS_ROOT}/Target Support Files/Pods-MovieousShortVideoDemo/Pods-MovieousShortVideoDemo-frameworks-${CONFIGURATION}-input-files.xcfilelist",
			);
			name = "[CP] Embed Pods Frameworks";
			outputFileListPaths = (
				"${PODS_ROOT}/Target Support Files/Pods-MovieousShortVideoDemo/Pods-MovieousShortVideoDemo-frameworks-${CONFIGURATION}-output-files.xcfilelist",
			);
			runOnlyForDeploymentPostprocessing = 0;
			shellPath = /bin/sh;
			shellScript = "\"${PODS_ROOT}/Target Support Files/Pods-MovieousShortVideoDemo/Pods-MovieousShortVideoDemo-frameworks.sh\"\n";
			showEnvVarsInLog = 0;
		};
/* End PBXShellScriptBuildPhase section */

/* Begin PBXSourcesBuildPhase section */
		8328A96C239E39C900BA738F /* Sources */ = {
			isa = PBXSourcesBuildPhase;
			buildActionMask = 2147483647;
			files = (
				83345D032463ACCB00C8C0D7 /* MSVDExportViewController.m in Sources */,
				8328A975239E39C900BA738F /* AppDelegate.m in Sources */,
				83345CF02463ACCB00C8C0D7 /* MSVDMusicsLibrary.m in Sources */,
				83345CF42463ACCB00C8C0D7 /* MSVDTypeDefines.m in Sources */,
				83345CF72463ACCB00C8C0D7 /* UIImage+MSVD.m in Sources */,
				83345CBF2463ACA400C8C0D7 /* WNSegmentControl.m in Sources */,
				83345CBE2463ACA400C8C0D7 /* WNSegmentItem.m in Sources */,
				83345CFE2463ACCB00C8C0D7 /* MSVClip+MSVD.m in Sources */,
				83345CFA2463ACCB00C8C0D7 /* MSVDMixDragView.m in Sources */,
				83345CF92463ACCB00C8C0D7 /* MSVDMusicsViewController.m in Sources */,
				83345CAE2463ACA400C8C0D7 /* MHPrintView.m in Sources */,
				83345D042463ACCB00C8C0D7 /* MSVDHomeViewController.m in Sources */,
				83345D002463ACCB00C8C0D7 /* MSVDClipsAndEeffectsView.m in Sources */,
				83345D022463ACCB00C8C0D7 /* MSVDToolboxView.m in Sources */,
				83345CAB2463ACA400C8C0D7 /* StickerManager.m in Sources */,
				83345CF82463ACCB00C8C0D7 /* MSVDSlider.m in Sources */,
				83345CBB2463ACA400C8C0D7 /* MHStickersView.m in Sources */,
				83345CAA2463ACA400C8C0D7 /* MHFilterModel.m in Sources */,
				83345CB52463ACA400C8C0D7 /* MHStickerCell.m in Sources */,
				83345CFC2463ACCB00C8C0D7 /* MSVDFrameView.m in Sources */,
				83345CF12463ACCB00C8C0D7 /* MSVDUtils.m in Sources */,
				83345CF52463ACCB00C8C0D7 /* UIColor+MSVD.m in Sources */,
				83345CFF2463ACCB00C8C0D7 /* MSVDRecorderViewController.m in Sources */,
				83345CAC2463ACA400C8C0D7 /* MHBeautiesModel.m in Sources */,
				83345D012463ACCB00C8C0D7 /* MSVDEditorViewController.m in Sources */,
				83345CF62463ACCB00C8C0D7 /* MSVDGlobalConfiguration.m in Sources */,
				83345CB92463ACA400C8C0D7 /* MHCompleteBeautyView.m in Sources */,
				83345CB72463ACA400C8C0D7 /* MHMagnifiedEffectCell.m in Sources */,
				83345CB82463ACA400C8C0D7 /* MHBeautySlider.m in Sources */,
				83345CAD2463ACA400C8C0D7 /* StickerDataListModel.m in Sources */,
				83345CF32463ACCB00C8C0D7 /* MSVDFiltersLibrary.m in Sources */,
				83345CB12463ACA400C8C0D7 /* UIView+Additions.m in Sources */,
				83345CB32463ACA400C8C0D7 /* MHMagnifiedView.m in Sources */,
				83345CBA2463ACA400C8C0D7 /* MHFiltersView.m in Sources */,
				83345CF22463ACCB00C8C0D7 /* MSVDStickersLibrary.m in Sources */,
				83345CBD2463ACA400C8C0D7 /* MHBeautyFaceView.m in Sources */,
				83345CAF2463ACA400C8C0D7 /* MHBeautyMenuCell.m in Sources */,
				8328A986239E39C900BA738F /* main.m in Sources */,
				83345CA82463ACA400C8C0D7 /* MHMeiyanMenusView.m in Sources */,
				83345CB02463ACA400C8C0D7 /* MHBeautyView.m in Sources */,
				83345C992463ACA400C8C0D7 /* MHFilter.m in Sources */,
				83345CB22463ACA400C8C0D7 /* MHSpecificEffectView.m in Sources */,
				83345CFD2463ACCB00C8C0D7 /* MSVDSnapshotBar.m in Sources */,
				83345CFB2463ACCB00C8C0D7 /* MSVDStickersView.m in Sources */,
				83345CBC2463ACA400C8C0D7 /* MHSpecificAssembleView.m in Sources */,
				83345CB42463ACA400C8C0D7 /* MHSectionStickersView.m in Sources */,
				83345CB62463ACA400C8C0D7 /* MHBeautyAssembleView.m in Sources */,
			);
			runOnlyForDeploymentPostprocessing = 0;
		};
		8328A987239E39C900BA738F /* Sources */ = {
			isa = PBXSourcesBuildPhase;
			buildActionMask = 2147483647;
			files = (
				8328A990239E39C900BA738F /* MovieousShortVideoDemoTests.m in Sources */,
			);
			runOnlyForDeploymentPostprocessing = 0;
		};
		8328A992239E39C900BA738F /* Sources */ = {
			isa = PBXSourcesBuildPhase;
			buildActionMask = 2147483647;
			files = (
				8328A99B239E39CA00BA738F /* MovieousShortVideoDemoUITests.m in Sources */,
			);
			runOnlyForDeploymentPostprocessing = 0;
		};
/* End PBXSourcesBuildPhase section */

/* Begin PBXTargetDependency section */
		8328A98D239E39C900BA738F /* PBXTargetDependency */ = {
			isa = PBXTargetDependency;
			target = 8328A96F239E39C900BA738F /* MovieousShortVideoDemo */;
			targetProxy = 8328A98C239E39C900BA738F /* PBXContainerItemProxy */;
		};
		8328A998239E39C900BA738F /* PBXTargetDependency */ = {
			isa = PBXTargetDependency;
			target = 8328A96F239E39C900BA738F /* MovieousShortVideoDemo */;
			targetProxy = 8328A997239E39C900BA738F /* PBXContainerItemProxy */;
		};
/* End PBXTargetDependency section */

/* Begin PBXVariantGroup section */
		8328A981239E39C900BA738F /* LaunchScreen.storyboard */ = {
			isa = PBXVariantGroup;
			children = (
				8328A982239E39C900BA738F /* Base */,
				834BD14F239E43F7004B0F89 /* zh-Hans */,
			);
			name = LaunchScreen.storyboard;
			sourceTree = "<group>";
		};
		834BD15C239E48C0004B0F89 /* Localizable.strings */ = {
			isa = PBXVariantGroup;
			children = (
				834BD15D239E48C0004B0F89 /* Base */,
				834BD15F239E48C6004B0F89 /* zh-Hans */,
			);
			name = Localizable.strings;
			sourceTree = "<group>";
		};
/* End PBXVariantGroup section */

/* Begin XCBuildConfiguration section */
		8328A99D239E39CA00BA738F /* Debug */ = {
			isa = XCBuildConfiguration;
			buildSettings = {
				ALWAYS_SEARCH_USER_PATHS = NO;
				CLANG_ANALYZER_LOCALIZABILITY_NONLOCALIZED = YES;
				CLANG_ANALYZER_NONNULL = YES;
				CLANG_ANALYZER_NUMBER_OBJECT_CONVERSION = YES_AGGRESSIVE;
				CLANG_CXX_LANGUAGE_STANDARD = "gnu++14";
				CLANG_CXX_LIBRARY = "libc++";
				CLANG_ENABLE_MODULES = YES;
				CLANG_ENABLE_OBJC_ARC = YES;
				CLANG_ENABLE_OBJC_WEAK = YES;
				CLANG_WARN_BLOCK_CAPTURE_AUTORELEASING = YES;
				CLANG_WARN_BOOL_CONVERSION = YES;
				CLANG_WARN_COMMA = YES;
				CLANG_WARN_CONSTANT_CONVERSION = YES;
				CLANG_WARN_DEPRECATED_OBJC_IMPLEMENTATIONS = YES;
				CLANG_WARN_DIRECT_OBJC_ISA_USAGE = YES_ERROR;
				CLANG_WARN_DOCUMENTATION_COMMENTS = YES;
				CLANG_WARN_EMPTY_BODY = YES;
				CLANG_WARN_ENUM_CONVERSION = YES;
				CLANG_WARN_INFINITE_RECURSION = YES;
				CLANG_WARN_INT_CONVERSION = YES;
				CLANG_WARN_NON_LITERAL_NULL_CONVERSION = YES;
				CLANG_WARN_OBJC_IMPLICIT_RETAIN_SELF = YES;
				CLANG_WARN_OBJC_LITERAL_CONVERSION = YES;
				CLANG_WARN_OBJC_ROOT_CLASS = YES_ERROR;
				CLANG_WARN_RANGE_LOOP_ANALYSIS = YES;
				CLANG_WARN_STRICT_PROTOTYPES = YES;
				CLANG_WARN_SUSPICIOUS_MOVE = YES;
				CLANG_WARN_UNGUARDED_AVAILABILITY = YES_AGGRESSIVE;
				CLANG_WARN_UNREACHABLE_CODE = YES;
				CLANG_WARN__DUPLICATE_METHOD_MATCH = YES;
				COPY_PHASE_STRIP = NO;
				DEBUG_INFORMATION_FORMAT = dwarf;
				ENABLE_STRICT_OBJC_MSGSEND = YES;
				ENABLE_TESTABILITY = YES;
				GCC_C_LANGUAGE_STANDARD = gnu11;
				GCC_DYNAMIC_NO_PIC = NO;
				GCC_NO_COMMON_BLOCKS = YES;
				GCC_OPTIMIZATION_LEVEL = 0;
				GCC_PREPROCESSOR_DEFINITIONS = (
					"DEBUG=1",
					"$(inherited)",
				);
				GCC_WARN_64_TO_32_BIT_CONVERSION = YES;
				GCC_WARN_ABOUT_RETURN_TYPE = YES_ERROR;
				GCC_WARN_UNDECLARED_SELECTOR = YES;
				GCC_WARN_UNINITIALIZED_AUTOS = YES_AGGRESSIVE;
				GCC_WARN_UNUSED_FUNCTION = YES;
				GCC_WARN_UNUSED_VARIABLE = YES;
				IPHONEOS_DEPLOYMENT_TARGET = 9.0;
				MTL_ENABLE_DEBUG_INFO = INCLUDE_SOURCE;
				MTL_FAST_MATH = YES;
				ONLY_ACTIVE_ARCH = YES;
				SDKROOT = iphoneos;
				VALID_ARCHS = "arm64 arm64e armv7 armv7s";
			};
			name = Debug;
		};
		8328A99E239E39CA00BA738F /* Release */ = {
			isa = XCBuildConfiguration;
			buildSettings = {
				ALWAYS_SEARCH_USER_PATHS = NO;
				CLANG_ANALYZER_LOCALIZABILITY_NONLOCALIZED = YES;
				CLANG_ANALYZER_NONNULL = YES;
				CLANG_ANALYZER_NUMBER_OBJECT_CONVERSION = YES_AGGRESSIVE;
				CLANG_CXX_LANGUAGE_STANDARD = "gnu++14";
				CLANG_CXX_LIBRARY = "libc++";
				CLANG_ENABLE_MODULES = YES;
				CLANG_ENABLE_OBJC_ARC = YES;
				CLANG_ENABLE_OBJC_WEAK = YES;
				CLANG_WARN_BLOCK_CAPTURE_AUTORELEASING = YES;
				CLANG_WARN_BOOL_CONVERSION = YES;
				CLANG_WARN_COMMA = YES;
				CLANG_WARN_CONSTANT_CONVERSION = YES;
				CLANG_WARN_DEPRECATED_OBJC_IMPLEMENTATIONS = YES;
				CLANG_WARN_DIRECT_OBJC_ISA_USAGE = YES_ERROR;
				CLANG_WARN_DOCUMENTATION_COMMENTS = YES;
				CLANG_WARN_EMPTY_BODY = YES;
				CLANG_WARN_ENUM_CONVERSION = YES;
				CLANG_WARN_INFINITE_RECURSION = YES;
				CLANG_WARN_INT_CONVERSION = YES;
				CLANG_WARN_NON_LITERAL_NULL_CONVERSION = YES;
				CLANG_WARN_OBJC_IMPLICIT_RETAIN_SELF = YES;
				CLANG_WARN_OBJC_LITERAL_CONVERSION = YES;
				CLANG_WARN_OBJC_ROOT_CLASS = YES_ERROR;
				CLANG_WARN_RANGE_LOOP_ANALYSIS = YES;
				CLANG_WARN_STRICT_PROTOTYPES = YES;
				CLANG_WARN_SUSPICIOUS_MOVE = YES;
				CLANG_WARN_UNGUARDED_AVAILABILITY = YES_AGGRESSIVE;
				CLANG_WARN_UNREACHABLE_CODE = YES;
				CLANG_WARN__DUPLICATE_METHOD_MATCH = YES;
				COPY_PHASE_STRIP = NO;
				DEBUG_INFORMATION_FORMAT = "dwarf-with-dsym";
				ENABLE_NS_ASSERTIONS = NO;
				ENABLE_STRICT_OBJC_MSGSEND = YES;
				GCC_C_LANGUAGE_STANDARD = gnu11;
				GCC_NO_COMMON_BLOCKS = YES;
				GCC_WARN_64_TO_32_BIT_CONVERSION = YES;
				GCC_WARN_ABOUT_RETURN_TYPE = YES_ERROR;
				GCC_WARN_UNDECLARED_SELECTOR = YES;
				GCC_WARN_UNINITIALIZED_AUTOS = YES_AGGRESSIVE;
				GCC_WARN_UNUSED_FUNCTION = YES;
				GCC_WARN_UNUSED_VARIABLE = YES;
				IPHONEOS_DEPLOYMENT_TARGET = 9.0;
				MTL_ENABLE_DEBUG_INFO = NO;
				MTL_FAST_MATH = YES;
				SDKROOT = iphoneos;
				VALIDATE_PRODUCT = YES;
				VALID_ARCHS = "arm64 arm64e armv7 armv7s";
			};
			name = Release;
		};
		8328A9A0239E39CA00BA738F /* Debug */ = {
			isa = XCBuildConfiguration;
			baseConfigurationReference = 02DAE9C23B6B016B02DB4971 /* Pods-MovieousShortVideoDemo.debug.xcconfig */;
			buildSettings = {
				ASSETCATALOG_COMPILER_APPICON_NAME = AppIcon;
				CLANG_ANALYZER_LOCALIZABILITY_EMPTY_CONTEXT = NO;
				CLANG_ENABLE_MODULES = YES;
				CODE_SIGN_STYLE = Automatic;
				CURRENT_PROJECT_VERSION = 1;
				DEVELOPMENT_TEAM = 32SCWS77Q5;
				FRAMEWORK_SEARCH_PATHS = (
					"$(inherited)",
					"$(PROJECT_DIR)/MovieousShortVideoDemo/Vendor/MHSDK/MHResources",
				);
				GCC_PREFIX_HEADER = MovieousShortVideoDemo/MovieousShortVideoDemo.pch;
				INFOPLIST_FILE = MovieousShortVideoDemo/Info.plist;
				LD_RUNPATH_SEARCH_PATHS = (
					"$(inherited)",
					"@executable_path/Frameworks",
				);
				MARKETING_VERSION = 3.0.0;
				OTHER_LDFLAGS = (
					"$(inherited)",
					"-framework",
					"\"Accelerate\"",
					"-framework",
					"\"CoreGraphics\"",
					"-framework",
					"\"CoreImage\"",
					"-framework",
					"\"Foundation\"",
					"-framework",
					"\"ImageIO\"",
					"-framework",
					"\"M13ProgressSuite\"",
					"-framework",
					"\"Masonry\"",
					"-framework",
					"\"MobileCoreServices\"",
					"-framework",
					"\"Photos\"",
					"-framework",
					"\"QuartzCore\"",
					"-framework",
					"\"SDWebImage\"",
					"-framework",
					"\"SVProgressHUD\"",
					"-framework",
					"\"TZImagePickerController\"",
					"-framework",
					"\"UIKit\"",
					"-ObjC",
				);
				PRODUCT_BUNDLE_IDENTIFIER = video.movieous.MovieousShortVideoDemo;
				PRODUCT_NAME = "$(TARGET_NAME)";
				SWIFT_OBJC_BRIDGING_HEADER = "MovieousShortVideoDemo/MovieousShortVideoDemo-Bridging-Header.h";
				SWIFT_OPTIMIZATION_LEVEL = "-Onone";
				SWIFT_VERSION = 5.0;
				TARGETED_DEVICE_FAMILY = 1;
			};
			name = Debug;
		};
		8328A9A1239E39CA00BA738F /* Release */ = {
			isa = XCBuildConfiguration;
			baseConfigurationReference = 7966FE0DEDFD34A51C0F218D /* Pods-MovieousShortVideoDemo.release.xcconfig */;
			buildSettings = {
				ASSETCATALOG_COMPILER_APPICON_NAME = AppIcon;
				CLANG_ANALYZER_LOCALIZABILITY_EMPTY_CONTEXT = NO;
				CLANG_ENABLE_MODULES = YES;
				CODE_SIGN_STYLE = Automatic;
				CURRENT_PROJECT_VERSION = 1;
				DEVELOPMENT_TEAM = 32SCWS77Q5;
				FRAMEWORK_SEARCH_PATHS = (
					"$(inherited)",
					"$(PROJECT_DIR)/MovieousShortVideoDemo/Vendor/MHSDK/MHResources",
				);
				GCC_PREFIX_HEADER = MovieousShortVideoDemo/MovieousShortVideoDemo.pch;
				INFOPLIST_FILE = MovieousShortVideoDemo/Info.plist;
				LD_RUNPATH_SEARCH_PATHS = (
					"$(inherited)",
					"@executable_path/Frameworks",
				);
				MARKETING_VERSION = 3.0.0;
				OTHER_LDFLAGS = (
					"$(inherited)",
					"-framework",
					"\"Accelerate\"",
					"-framework",
					"\"CoreGraphics\"",
					"-framework",
					"\"CoreImage\"",
					"-framework",
					"\"Foundation\"",
					"-framework",
					"\"ImageIO\"",
					"-framework",
					"\"M13ProgressSuite\"",
					"-framework",
					"\"Masonry\"",
					"-framework",
					"\"MobileCoreServices\"",
					"-framework",
					"\"Photos\"",
					"-framework",
					"\"QuartzCore\"",
					"-framework",
					"\"SDWebImage\"",
					"-framework",
					"\"SVProgressHUD\"",
					"-framework",
					"\"TZImagePickerController\"",
					"-framework",
					"\"UIKit\"",
					"-ObjC",
				);
				PRODUCT_BUNDLE_IDENTIFIER = video.movieous.MovieousShortVideoDemo;
				PRODUCT_NAME = "$(TARGET_NAME)";
				SWIFT_OBJC_BRIDGING_HEADER = "MovieousShortVideoDemo/MovieousShortVideoDemo-Bridging-Header.h";
				SWIFT_VERSION = 5.0;
				TARGETED_DEVICE_FAMILY = 1;
			};
			name = Release;
		};
		8328A9A3239E39CA00BA738F /* Debug */ = {
			isa = XCBuildConfiguration;
			buildSettings = {
				BUNDLE_LOADER = "$(TEST_HOST)";
				CODE_SIGN_STYLE = Automatic;
				DEVELOPMENT_TEAM = 32SCWS77Q5;
				INFOPLIST_FILE = MovieousShortVideoDemoTests/Info.plist;
				IPHONEOS_DEPLOYMENT_TARGET = 13.2;
				LD_RUNPATH_SEARCH_PATHS = (
					"$(inherited)",
					"@executable_path/Frameworks",
					"@loader_path/Frameworks",
				);
				PRODUCT_BUNDLE_IDENTIFIER = video.movieous.MovieousShortVideoDemoTests;
				PRODUCT_NAME = "$(TARGET_NAME)";
				TARGETED_DEVICE_FAMILY = "1,2";
				TEST_HOST = "$(BUILT_PRODUCTS_DIR)/MovieousShortVideoDemo.app/MovieousShortVideoDemo";
			};
			name = Debug;
		};
		8328A9A4239E39CA00BA738F /* Release */ = {
			isa = XCBuildConfiguration;
			buildSettings = {
				BUNDLE_LOADER = "$(TEST_HOST)";
				CODE_SIGN_STYLE = Automatic;
				DEVELOPMENT_TEAM = 32SCWS77Q5;
				INFOPLIST_FILE = MovieousShortVideoDemoTests/Info.plist;
				IPHONEOS_DEPLOYMENT_TARGET = 13.2;
				LD_RUNPATH_SEARCH_PATHS = (
					"$(inherited)",
					"@executable_path/Frameworks",
					"@loader_path/Frameworks",
				);
				PRODUCT_BUNDLE_IDENTIFIER = video.movieous.MovieousShortVideoDemoTests;
				PRODUCT_NAME = "$(TARGET_NAME)";
				TARGETED_DEVICE_FAMILY = "1,2";
				TEST_HOST = "$(BUILT_PRODUCTS_DIR)/MovieousShortVideoDemo.app/MovieousShortVideoDemo";
			};
			name = Release;
		};
		8328A9A6239E39CA00BA738F /* Debug */ = {
			isa = XCBuildConfiguration;
			buildSettings = {
				CODE_SIGN_STYLE = Automatic;
				DEVELOPMENT_TEAM = 32SCWS77Q5;
				INFOPLIST_FILE = MovieousShortVideoDemoUITests/Info.plist;
				LD_RUNPATH_SEARCH_PATHS = (
					"$(inherited)",
					"@executable_path/Frameworks",
					"@loader_path/Frameworks",
				);
				PRODUCT_BUNDLE_IDENTIFIER = video.movieous.MovieousShortVideoDemoUITests;
				PRODUCT_NAME = "$(TARGET_NAME)";
				TARGETED_DEVICE_FAMILY = "1,2";
				TEST_TARGET_NAME = MovieousShortVideoDemo;
			};
			name = Debug;
		};
		8328A9A7239E39CA00BA738F /* Release */ = {
			isa = XCBuildConfiguration;
			buildSettings = {
				CODE_SIGN_STYLE = Automatic;
				DEVELOPMENT_TEAM = 32SCWS77Q5;
				INFOPLIST_FILE = MovieousShortVideoDemoUITests/Info.plist;
				LD_RUNPATH_SEARCH_PATHS = (
					"$(inherited)",
					"@executable_path/Frameworks",
					"@loader_path/Frameworks",
				);
				PRODUCT_BUNDLE_IDENTIFIER = video.movieous.MovieousShortVideoDemoUITests;
				PRODUCT_NAME = "$(TARGET_NAME)";
				TARGETED_DEVICE_FAMILY = "1,2";
				TEST_TARGET_NAME = MovieousShortVideoDemo;
			};
			name = Release;
		};
/* End XCBuildConfiguration section */

/* Begin XCConfigurationList section */
		8328A96B239E39C900BA738F /* Build configuration list for PBXProject "MovieousShortVideoDemo" */ = {
			isa = XCConfigurationList;
			buildConfigurations = (
				8328A99D239E39CA00BA738F /* Debug */,
				8328A99E239E39CA00BA738F /* Release */,
			);
			defaultConfigurationIsVisible = 0;
			defaultConfigurationName = Release;
		};
		8328A99F239E39CA00BA738F /* Build configuration list for PBXNativeTarget "MovieousShortVideoDemo" */ = {
			isa = XCConfigurationList;
			buildConfigurations = (
				8328A9A0239E39CA00BA738F /* Debug */,
				8328A9A1239E39CA00BA738F /* Release */,
			);
			defaultConfigurationIsVisible = 0;
			defaultConfigurationName = Release;
		};
		8328A9A2239E39CA00BA738F /* Build configuration list for PBXNativeTarget "MovieousShortVideoDemoTests" */ = {
			isa = XCConfigurationList;
			buildConfigurations = (
				8328A9A3239E39CA00BA738F /* Debug */,
				8328A9A4239E39CA00BA738F /* Release */,
			);
			defaultConfigurationIsVisible = 0;
			defaultConfigurationName = Release;
		};
		8328A9A5239E39CA00BA738F /* Build configuration list for PBXNativeTarget "MovieousShortVideoDemoUITests" */ = {
			isa = XCConfigurationList;
			buildConfigurations = (
				8328A9A6239E39CA00BA738F /* Debug */,
				8328A9A7239E39CA00BA738F /* Release */,
			);
			defaultConfigurationIsVisible = 0;
			defaultConfigurationName = Release;
		};
/* End XCConfigurationList section */
	};
	rootObject = 8328A968239E39C900BA738F /* Project object */;
}
